<?xml version="1.0" encoding="utf-8"?>
<Project ToolsVersion="4.0" xmlns="http://schemas.microsoft.com/developer/msbuild/2003">
  <ItemGroup>
    <Filter Include="src">
      <UniqueIdentifier>{625e8a2b-44c2-4e3f-a804-0558e8005b58}</UniqueIdentifier>
    </Filter>
  </ItemGroup>
  <ItemGroup>
    <ClCompile Include="app.c">
      <Filter>src</Filter>
    </ClCompile>
    <ClCompile Include="cli.c">
      <Filter>src</Filter>
    </ClCompile>
    <ClCompile Include="main.c">
      <Filter>src</Filter>
    </ClCompile>
  </ItemGroup>
  <ItemGroup>
    <ClInclude Include="app.h">
      <Filter>src</Filter>
    </ClInclude>
    <ClInclude Include="cli.h">
      <Filter>src</Filter>
    </ClInclude>
    <ClInclude Include="main.h">
      <Filter>src</Filter>
    </ClInclude>
  </ItemGroup>
</Project>